
Microsoft Visual Studio Solution File, Format Version 12.00
# Visual Studio Version 17
VisualStudioVersion = 17.11.35312.102
MinimumVisualStudioVersion = 10.0.40219.1
Project("{9A19103F-16F7-4668-BE54-9A1E7A4F7556}") = "Domain", "Domain\Domain.csproj", "{B1E922A1-0619-4FE5-981E-7E243DC121DA}"
EndProject
Project("{9A19103F-16F7-4668-BE54-9A1E7A4F7556}") = "Application", "Application\Application.csproj", "{74BAE19B-1647-4B3D-BB04-E17FCD788C4E}"
EndProject
Project("{9A19103F-16F7-4668-BE54-9A1E7A4F7556}") = "Infrastructure", "Infrastructure\Infrastructure.csproj", "{1085BBE8-D2CF-4F65-A5CD-2073BCB30572}"
EndProject
Project("{9A19103F-16F7-4668-BE54-9A1E7A4F7556}") = "NotificationsAPI", "NotificationsAPI\NotificationsAPI.csproj", "{6FBD217C-0AE4-4B55-9619-BCAE1B74102B}"
EndProject
Global
	GlobalSection(SolutionConfigurationPlatforms) = preSolution
		Debug|Any CPU = Debug|Any CPU
		Release|Any CPU = Release|Any CPU
	EndGlobalSection
	GlobalSection(ProjectConfigurationPlatforms) = postSolution
		{B1E922A1-0619-4FE5-981E-7E243DC121DA}.Debug|Any CPU.ActiveCfg = Debug|Any CPU
		{B1E922A1-0619-4FE5-981E-7E243DC121DA}.Debug|Any CPU.Build.0 = Debug|Any CPU
		{B1E922A1-0619-4FE5-981E-7E243DC121DA}.Release|Any CPU.ActiveCfg = Release|Any CPU
		{B1E922A1-0619-4FE5-981E-7E243DC121DA}.Release|Any CPU.Build.0 = Release|Any CPU
		{74BAE19B-1647-4B3D-BB04-E17FCD788C4E}.Debug|Any CPU.ActiveCfg = Debug|Any CPU
		{74BAE19B-1647-4B3D-BB04-E17FCD788C4E}.Debug|Any CPU.Build.0 = Debug|Any CPU
		{74BAE19B-1647-4B3D-BB04-E17FCD788C4E}.Release|Any CPU.ActiveCfg = Release|Any CPU
		{74BAE19B-1647-4B3D-BB04-E17FCD788C4E}.Release|Any CPU.Build.0 = Release|Any CPU
		{1085BBE8-D2CF-4F65-A5CD-2073BCB30572}.Debug|Any CPU.ActiveCfg = Debug|Any CPU
		{1085BBE8-D2CF-4F65-A5CD-2073BCB30572}.Debug|Any CPU.Build.0 = Debug|Any CPU
		{1085BBE8-D2CF-4F65-A5CD-2073BCB30572}.Release|Any CPU.ActiveCfg = Release|Any CPU
		{1085BBE8-D2CF-4F65-A5CD-2073BCB30572}.Release|Any CPU.Build.0 = Release|Any CPU
		{6FBD217C-0AE4-4B55-9619-BCAE1B74102B}.Debug|Any CPU.ActiveCfg = Debug|Any CPU
		{6FBD217C-0AE4-4B55-9619-BCAE1B74102B}.Debug|Any CPU.Build.0 = Debug|Any CPU
		{6FBD217C-0AE4-4B55-9619-BCAE1B74102B}.Release|Any CPU.ActiveCfg = Release|Any CPU
		{6FBD217C-0AE4-4B55-9619-BCAE1B74102B}.Release|Any CPU.Build.0 = Release|Any CPU
	EndGlobalSection
	GlobalSection(SolutionProperties) = preSolution
		HideSolutionNode = FALSE
	EndGlobalSection
	GlobalSection(ExtensibilityGlobals) = postSolution
		SolutionGuid = {0BF687EA-253F-46CC-A546-3C394CAE8660}
	EndGlobalSection
EndGlobal
