
Microsoft Visual Studio Solution File, Format Version 12.00
# Visual Studio Version 17
VisualStudioVersion = 17.11.35312.102
MinimumVisualStudioVersion = 10.0.40219.1
Project("{9A19103F-16F7-4668-BE54-9A1E7A4F7556}") = "Domain", "Domain\Domain.csproj", "{174669E4-1019-48EA-908D-FF765BCBB02E}"
EndProject
Project("{9A19103F-16F7-4668-BE54-9A1E7A4F7556}") = "Application", "Application\Application.csproj", "{6C4B25BD-4A84-4BA4-B03D-56DCE15F9AB3}"
EndProject
Project("{9A19103F-16F7-4668-BE54-9A1E7A4F7556}") = "Infrastructure", "Infrastructure\Infrastructure.csproj", "{E0A2D6FA-DB1B-409F-9352-036248BF3ACC}"
EndProject
Project("{9A19103F-16F7-4668-BE54-9A1E7A4F7556}") = "EventsAPI", "EventsAPI\EventsAPI.csproj", "{38954CB4-7860-4B87-B0B8-B0660C1F37A4}"
EndProject
Project("{E53339B2-1760-4266-BCC7-CA923CBCF16C}") = "docker-compose", "docker-compose.dcproj", "{B920C2E3-A756-4595-901B-B27E0E4192F0}"
EndProject
Project("{9A19103F-16F7-4668-BE54-9A1E7A4F7556}") = "Shared", "..\Shared\Shared.csproj", "{FF553429-5A44-453E-9D54-D9A15FF91CC1}"
EndProject
Global
	GlobalSection(SolutionConfigurationPlatforms) = preSolution
		Debug|Any CPU = Debug|Any CPU
		Release|Any CPU = Release|Any CPU
	EndGlobalSection
	GlobalSection(ProjectConfigurationPlatforms) = postSolution
		{174669E4-1019-48EA-908D-FF765BCBB02E}.Debug|Any CPU.ActiveCfg = Debug|Any CPU
		{174669E4-1019-48EA-908D-FF765BCBB02E}.Debug|Any CPU.Build.0 = Debug|Any CPU
		{174669E4-1019-48EA-908D-FF765BCBB02E}.Release|Any CPU.ActiveCfg = Release|Any CPU
		{174669E4-1019-48EA-908D-FF765BCBB02E}.Release|Any CPU.Build.0 = Release|Any CPU
		{6C4B25BD-4A84-4BA4-B03D-56DCE15F9AB3}.Debug|Any CPU.ActiveCfg = Debug|Any CPU
		{6C4B25BD-4A84-4BA4-B03D-56DCE15F9AB3}.Debug|Any CPU.Build.0 = Debug|Any CPU
		{6C4B25BD-4A84-4BA4-B03D-56DCE15F9AB3}.Release|Any CPU.ActiveCfg = Release|Any CPU
		{6C4B25BD-4A84-4BA4-B03D-56DCE15F9AB3}.Release|Any CPU.Build.0 = Release|Any CPU
		{E0A2D6FA-DB1B-409F-9352-036248BF3ACC}.Debug|Any CPU.ActiveCfg = Debug|Any CPU
		{E0A2D6FA-DB1B-409F-9352-036248BF3ACC}.Debug|Any CPU.Build.0 = Debug|Any CPU
		{E0A2D6FA-DB1B-409F-9352-036248BF3ACC}.Release|Any CPU.ActiveCfg = Release|Any CPU
		{E0A2D6FA-DB1B-409F-9352-036248BF3ACC}.Release|Any CPU.Build.0 = Release|Any CPU
		{38954CB4-7860-4B87-B0B8-B0660C1F37A4}.Debug|Any CPU.ActiveCfg = Debug|Any CPU
		{38954CB4-7860-4B87-B0B8-B0660C1F37A4}.Debug|Any CPU.Build.0 = Debug|Any CPU
		{38954CB4-7860-4B87-B0B8-B0660C1F37A4}.Release|Any CPU.ActiveCfg = Release|Any CPU
		{38954CB4-7860-4B87-B0B8-B0660C1F37A4}.Release|Any CPU.Build.0 = Release|Any CPU
		{B920C2E3-A756-4595-901B-B27E0E4192F0}.Debug|Any CPU.ActiveCfg = Debug|Any CPU
		{B920C2E3-A756-4595-901B-B27E0E4192F0}.Debug|Any CPU.Build.0 = Debug|Any CPU
		{B920C2E3-A756-4595-901B-B27E0E4192F0}.Release|Any CPU.ActiveCfg = Release|Any CPU
		{B920C2E3-A756-4595-901B-B27E0E4192F0}.Release|Any CPU.Build.0 = Release|Any CPU
		{FF553429-5A44-453E-9D54-D9A15FF91CC1}.Debug|Any CPU.ActiveCfg = Debug|Any CPU
		{FF553429-5A44-453E-9D54-D9A15FF91CC1}.Debug|Any CPU.Build.0 = Debug|Any CPU
		{FF553429-5A44-453E-9D54-D9A15FF91CC1}.Release|Any CPU.ActiveCfg = Release|Any CPU
		{FF553429-5A44-453E-9D54-D9A15FF91CC1}.Release|Any CPU.Build.0 = Release|Any CPU
	EndGlobalSection
	GlobalSection(SolutionProperties) = preSolution
		HideSolutionNode = FALSE
	EndGlobalSection
	GlobalSection(ExtensibilityGlobals) = postSolution
		SolutionGuid = {0190FE8B-1376-4288-A10B-C61D5A793B9E}
	EndGlobalSection
EndGlobal
