
Microsoft Visual Studio Solution File, Format Version 12.00
# Visual Studio Version 17
VisualStudioVersion = 17.11.35312.102
MinimumVisualStudioVersion = 10.0.40219.1
Project("{9A19103F-16F7-4668-BE54-9A1E7A4F7556}") = "Application", "Application\Application.csproj", "{73F43903-1C4F-41CA-8571-7C1BAE5C4769}"
EndProject
Project("{9A19103F-16F7-4668-BE54-9A1E7A4F7556}") = "Infrastructure", "Infrastructure\Infrastructure.csproj", "{F68872E5-979D-4CF2-95F9-546B2EBC5D74}"
EndProject
Project("{9A19103F-16F7-4668-BE54-9A1E7A4F7556}") = "PaymentAPI", "PaymentAPI\PaymentAPI.csproj", "{23ED9BCF-5668-4E48-AE36-DA6548E7DDDD}"
EndProject
Project("{FAE04EC0-301F-11D3-BF4B-00C04F79EFBC}") = "Shared", "..\Shared\Shared\Shared.csproj", "{626B1D52-BBD1-11BC-B02F-BAA61CE5EAB1}"
EndProject
Project("{2150E333-8FDC-42A3-9474-1A3956D46DE8}") = "Solution Items", "Solution Items", "{36D591C7-65C7-A0D1-1CBC-10CDE441BDC8}"
	ProjectSection(SolutionItems) = preProject
		.editorconfig = .editorconfig
	EndProjectSection
EndProject
Project("{E53339B2-1760-4266-BCC7-CA923CBCF16C}") = "docker-compose", "docker-compose.dcproj", "{81DDED9D-158B-E303-5F62-77A2896D2A5A}"
EndProject
Global
	GlobalSection(SolutionConfigurationPlatforms) = preSolution
		Debug|Any CPU = Debug|Any CPU
		Release|Any CPU = Release|Any CPU
	EndGlobalSection
	GlobalSection(ProjectConfigurationPlatforms) = postSolution
		{73F43903-1C4F-41CA-8571-7C1BAE5C4769}.Debug|Any CPU.ActiveCfg = Debug|Any CPU
		{73F43903-1C4F-41CA-8571-7C1BAE5C4769}.Debug|Any CPU.Build.0 = Debug|Any CPU
		{73F43903-1C4F-41CA-8571-7C1BAE5C4769}.Release|Any CPU.ActiveCfg = Release|Any CPU
		{73F43903-1C4F-41CA-8571-7C1BAE5C4769}.Release|Any CPU.Build.0 = Release|Any CPU
		{F68872E5-979D-4CF2-95F9-546B2EBC5D74}.Debug|Any CPU.ActiveCfg = Debug|Any CPU
		{F68872E5-979D-4CF2-95F9-546B2EBC5D74}.Debug|Any CPU.Build.0 = Debug|Any CPU
		{F68872E5-979D-4CF2-95F9-546B2EBC5D74}.Release|Any CPU.ActiveCfg = Release|Any CPU
		{F68872E5-979D-4CF2-95F9-546B2EBC5D74}.Release|Any CPU.Build.0 = Release|Any CPU
		{23ED9BCF-5668-4E48-AE36-DA6548E7DDDD}.Debug|Any CPU.ActiveCfg = Debug|Any CPU
		{23ED9BCF-5668-4E48-AE36-DA6548E7DDDD}.Debug|Any CPU.Build.0 = Debug|Any CPU
		{23ED9BCF-5668-4E48-AE36-DA6548E7DDDD}.Release|Any CPU.ActiveCfg = Release|Any CPU
		{23ED9BCF-5668-4E48-AE36-DA6548E7DDDD}.Release|Any CPU.Build.0 = Release|Any CPU
		{626B1D52-BBD1-11BC-B02F-BAA61CE5EAB1}.Debug|Any CPU.ActiveCfg = Debug|Any CPU
		{626B1D52-BBD1-11BC-B02F-BAA61CE5EAB1}.Debug|Any CPU.Build.0 = Debug|Any CPU
		{626B1D52-BBD1-11BC-B02F-BAA61CE5EAB1}.Release|Any CPU.ActiveCfg = Release|Any CPU
		{626B1D52-BBD1-11BC-B02F-BAA61CE5EAB1}.Release|Any CPU.Build.0 = Release|Any CPU
		{81DDED9D-158B-E303-5F62-77A2896D2A5A}.Debug|Any CPU.ActiveCfg = Debug|Any CPU
		{81DDED9D-158B-E303-5F62-77A2896D2A5A}.Debug|Any CPU.Build.0 = Debug|Any CPU
		{81DDED9D-158B-E303-5F62-77A2896D2A5A}.Release|Any CPU.ActiveCfg = Release|Any CPU
		{81DDED9D-158B-E303-5F62-77A2896D2A5A}.Release|Any CPU.Build.0 = Release|Any CPU
	EndGlobalSection
	GlobalSection(SolutionProperties) = preSolution
		HideSolutionNode = FALSE
	EndGlobalSection
	GlobalSection(ExtensibilityGlobals) = postSolution
		SolutionGuid = {3321576C-D12B-49AF-8CB7-E29CEE198378}
	EndGlobalSection
EndGlobal
