
Microsoft Visual Studio Solution File, Format Version 12.00
# Visual Studio Version 17
VisualStudioVersion = 17.11.35312.102
MinimumVisualStudioVersion = 10.0.40219.1
Project("{9A19103F-16F7-4668-BE54-9A1E7A4F7556}") = "DataAccess", "DataAccess\DataAccess.csproj", "{9FA9B844-DF3D-46D3-A7B9-075A78A12786}"
EndProject
Project("{9A19103F-16F7-4668-BE54-9A1E7A4F7556}") = "BusinessLogic", "BusinessLogic\BusinessLogic.csproj", "{A1FF9F03-DB21-4802-9132-9213B89131F5}"
EndProject
Project("{9A19103F-16F7-4668-BE54-9A1E7A4F7556}") = "UsersAPI", "UsersAPI\UsersAPI.csproj", "{BFB0B307-5157-41A9-B9C2-D2BC12D14200}"
EndProject
Global
	GlobalSection(SolutionConfigurationPlatforms) = preSolution
		Debug|Any CPU = Debug|Any CPU
		Release|Any CPU = Release|Any CPU
	EndGlobalSection
	GlobalSection(ProjectConfigurationPlatforms) = postSolution
		{9FA9B844-DF3D-46D3-A7B9-075A78A12786}.Debug|Any CPU.ActiveCfg = Debug|Any CPU
		{9FA9B844-DF3D-46D3-A7B9-075A78A12786}.Debug|Any CPU.Build.0 = Debug|Any CPU
		{9FA9B844-DF3D-46D3-A7B9-075A78A12786}.Release|Any CPU.ActiveCfg = Release|Any CPU
		{9FA9B844-DF3D-46D3-A7B9-075A78A12786}.Release|Any CPU.Build.0 = Release|Any CPU
		{A1FF9F03-DB21-4802-9132-9213B89131F5}.Debug|Any CPU.ActiveCfg = Debug|Any CPU
		{A1FF9F03-DB21-4802-9132-9213B89131F5}.Debug|Any CPU.Build.0 = Debug|Any CPU
		{A1FF9F03-DB21-4802-9132-9213B89131F5}.Release|Any CPU.ActiveCfg = Release|Any CPU
		{A1FF9F03-DB21-4802-9132-9213B89131F5}.Release|Any CPU.Build.0 = Release|Any CPU
		{BFB0B307-5157-41A9-B9C2-D2BC12D14200}.Debug|Any CPU.ActiveCfg = Debug|Any CPU
		{BFB0B307-5157-41A9-B9C2-D2BC12D14200}.Debug|Any CPU.Build.0 = Debug|Any CPU
		{BFB0B307-5157-41A9-B9C2-D2BC12D14200}.Release|Any CPU.ActiveCfg = Release|Any CPU
		{BFB0B307-5157-41A9-B9C2-D2BC12D14200}.Release|Any CPU.Build.0 = Release|Any CPU
	EndGlobalSection
	GlobalSection(SolutionProperties) = preSolution
		HideSolutionNode = FALSE
	EndGlobalSection
	GlobalSection(ExtensibilityGlobals) = postSolution
		SolutionGuid = {BA5CF70A-AE91-4976-95E0-DFCC5E9B3FC4}
	EndGlobalSection
EndGlobal
